
Microsoft Visual Studio Solution File, Format Version 12.00
# Visual Studio 15
VisualStudioVersion = 15.0.26906.1
MinimumVisualStudioVersion = 10.0.40219.1
Project("{FAE04EC0-301F-11D3-BF4B-00C04F79EFBC}") = "ResxEditor", "ResxEditor.csproj", "{6ECD5684-554B-4C79-84AF-D8F17B8E42B3}"
EndProject
Global
	GlobalSection(SolutionConfigurationPlatforms) = preSolution
		Debug|Any CPU = Debug|Any CPU
		Release|Any CPU = Release|Any CPU
	EndGlobalSection
	GlobalSection(ProjectConfigurationPlatforms) = postSolution
		{6ECD5684-554B-4C79-84AF-D8F17B8E42B3}.Debug|Any CPU.ActiveCfg = Debug|Any CPU
		{6ECD5684-554B-4C79-84AF-D8F17B8E42B3}.Debug|Any CPU.Build.0 = Debug|Any CPU
		{6ECD5684-554B-4C79-84AF-D8F17B8E42B3}.Release|Any CPU.ActiveCfg = Release|Any CPU
		{6ECD5684-554B-4C79-84AF-D8F17B8E42B3}.Release|Any CPU.Build.0 = Release|Any CPU
	EndGlobalSection
	GlobalSection(SolutionProperties) = preSolution
		HideSolutionNode = FALSE
	EndGlobalSection
	GlobalSection(ExtensibilityGlobals) = postSolution
		SolutionGuid = {B807C740-DA47-431C-A6ED-C69C33A18084}
	EndGlobalSection
EndGlobal
